
Microsoft Visual Studio Solution File, Format Version 11.00
# Visual Studio 2010
# SharpDevelop 4.4
Project("{FAE04EC0-301F-11D3-BF4B-00C04F79EFBC}") = "DEBUGTOOL", "DEBUGTOOL\DEBUGTOOL.csproj", "{F7067504-2C5A-4B2D-B508-E5AF376D0E68}"
EndProject
Project("{FAE04EC0-301F-11D3-BF4B-00C04F79EFBC}") = "Shell", "Shell\Shell.csproj", "{8E973EB8-A1B6-4B70-A52C-2164D2B3001A}"
EndProject
Project("{FAE04EC0-301F-11D3-BF4B-00C04F79EFBC}") = "Libs", "Libs\Libs.csproj", "{9778D46C-53FF-4844-BE16-8729583F6A40}"
EndProject
Project("{FAE04EC0-301F-11D3-BF4B-00C04F79EFBC}") = "UserCon", "UserCon\UserCon.csproj", "{B0A6C9EA-5BAC-4177-9E41-29AD48E62D6C}"
EndProject
Global
	GlobalSection(SolutionConfigurationPlatforms) = preSolution
		Debug|Any CPU = Debug|Any CPU
		Release|Any CPU = Release|Any CPU
	EndGlobalSection
	GlobalSection(ProjectConfigurationPlatforms) = postSolution
		{F7067504-2C5A-4B2D-B508-E5AF376D0E68}.Debug|Any CPU.Build.0 = Debug|Any CPU
		{F7067504-2C5A-4B2D-B508-E5AF376D0E68}.Debug|Any CPU.ActiveCfg = Debug|Any CPU
		{F7067504-2C5A-4B2D-B508-E5AF376D0E68}.Release|Any CPU.Build.0 = Release|Any CPU
		{F7067504-2C5A-4B2D-B508-E5AF376D0E68}.Release|Any CPU.ActiveCfg = Release|Any CPU
		{8E973EB8-A1B6-4B70-A52C-2164D2B3001A}.Debug|Any CPU.Build.0 = Debug|Any CPU
		{8E973EB8-A1B6-4B70-A52C-2164D2B3001A}.Debug|Any CPU.ActiveCfg = Debug|Any CPU
		{8E973EB8-A1B6-4B70-A52C-2164D2B3001A}.Release|Any CPU.Build.0 = Release|Any CPU
		{8E973EB8-A1B6-4B70-A52C-2164D2B3001A}.Release|Any CPU.ActiveCfg = Release|Any CPU
		{9778D46C-53FF-4844-BE16-8729583F6A40}.Debug|Any CPU.Build.0 = Debug|Any CPU
		{9778D46C-53FF-4844-BE16-8729583F6A40}.Debug|Any CPU.ActiveCfg = Debug|Any CPU
		{9778D46C-53FF-4844-BE16-8729583F6A40}.Release|Any CPU.Build.0 = Release|Any CPU
		{9778D46C-53FF-4844-BE16-8729583F6A40}.Release|Any CPU.ActiveCfg = Release|Any CPU
		{B0A6C9EA-5BAC-4177-9E41-29AD48E62D6C}.Debug|Any CPU.Build.0 = Debug|Any CPU
		{B0A6C9EA-5BAC-4177-9E41-29AD48E62D6C}.Debug|Any CPU.ActiveCfg = Debug|Any CPU
		{B0A6C9EA-5BAC-4177-9E41-29AD48E62D6C}.Release|Any CPU.Build.0 = Release|Any CPU
		{B0A6C9EA-5BAC-4177-9E41-29AD48E62D6C}.Release|Any CPU.ActiveCfg = Release|Any CPU
	EndGlobalSection
EndGlobal
